
Microsoft Visual Studio Solution File, Format Version 12.00
# Visual Studio Version 17
VisualStudioVersion = 17.14.36623.8 d17.14
MinimumVisualStudioVersion = 10.0.40219.1
Project("{FAE04EC0-301F-11D3-BF4B-00C04F79EFBC}") = "GestationTracker", "GestationTracker.csproj", "{59D9AC6E-AB33-40FE-8B6B-E210C7526251}"
EndProject
Global
	GlobalSection(SolutionConfigurationPlatforms) = preSolution
		Debug|Any CPU = Debug|Any CPU
		Release|Any CPU = Release|Any CPU
	EndGlobalSection
	GlobalSection(ProjectConfigurationPlatforms) = postSolution
		{59D9AC6E-AB33-40FE-8B6B-E210C7526251}.Debug|Any CPU.ActiveCfg = Debug|Any CPU
		{59D9AC6E-AB33-40FE-8B6B-E210C7526251}.Debug|Any CPU.Build.0 = Debug|Any CPU
		{59D9AC6E-AB33-40FE-8B6B-E210C7526251}.Debug|Any CPU.Deploy.0 = Debug|Any CPU
		{59D9AC6E-AB33-40FE-8B6B-E210C7526251}.Release|Any CPU.ActiveCfg = Release|Any CPU
		{59D9AC6E-AB33-40FE-8B6B-E210C7526251}.Release|Any CPU.Build.0 = Release|Any CPU
		{59D9AC6E-AB33-40FE-8B6B-E210C7526251}.Release|Any CPU.Deploy.0 = Release|Any CPU
	EndGlobalSection
	GlobalSection(SolutionProperties) = preSolution
		HideSolutionNode = FALSE
	EndGlobalSection
	GlobalSection(ExtensibilityGlobals) = postSolution
		SolutionGuid = {E54ECF83-3E2B-4D49-A3E9-78B901DB907A}
	EndGlobalSection
EndGlobal
